lockfileVersion: 5.4

specifiers:
  '@types/react': ^18.0.15
  '@types/react-dom': ^18.0.6
  '@vitejs/plugin-react': ^2.0.0
  react: ^18.2.0
  react-dom: ^18.2.0
  typescript: ^4.6.4
  vite: ^3.0.0
  vite-plugin-dts: ^1.4.0

devDependencies:
  '@types/react': 18.0.18
  '@types/react-dom': 18.0.6
  '@vitejs/plugin-react': 2.1.0_vite@3.0.9
  react: 18.2.0
  react-dom: 18.2.0_react@18.2.0
  typescript: 4.8.2
  vite: 3.0.9
  vite-plugin-dts: 1.4.0_vite@3.0.9

packages:

  /@ampproject/remapping/2.2.0:
    resolution: {integrity: sha1-VsEzgkeA3jF0rtWraDTzAmeQFU0=, tarball: '@ampproject/remapping/download/@ampproject/remapping-2.2.0.tgz'}
    engines: {node: '>=6.0.0'}
    dependencies:
      '@jridgewell/gen-mapping': 0.1.1
      '@jridgewell/trace-mapping': 0.3.15
    dev: true

  /@babel/code-frame/7.18.6:
    resolution: {integrity: sha1-OyXTjIlgC6otzCGe36iKdOssQno=, tarball: '@babel/code-frame/download/@babel/code-frame-7.18.6.tgz'}
    engines: {node: '>=6.9.0'}
    dependencies:
      '@babel/highlight': 7.18.6
    dev: true

  /@babel/compat-data/7.19.0:
    resolution: {integrity: sha1-Klkv2JussfzeaN4xvuTy8trLDoY=, tarball: '@babel/compat-data/download/@babel/compat-data-7.19.0.tgz'}
    engines: {node: '>=6.9.0'}
    dev: true

  /@babel/core/7.19.0:
    resolution: {integrity: sha1-0vX08gM8AN6Alr48n0V3JWPhUMM=, tarball: '@babel/core/download/@babel/core-7.19.0.tgz'}
    engines: {node: '>=6.9.0'}
    dependencies:
      '@ampproject/remapping': 2.2.0
      '@babel/code-frame': 7.18.6
      '@babel/generator': 7.19.0
      '@babel/helper-compilation-targets': 7.19.0_@babel+core@7.19.0
      '@babel/helper-module-transforms': 7.19.0
      '@babel/helpers': 7.19.0
      '@babel/parser': 7.19.0
      '@babel/template': 7.18.10
      '@babel/traverse': 7.19.0
      '@babel/types': 7.19.0
      convert-source-map: 1.8.0
      debug: 4.3.4
      gensync: 1.0.0-beta.2
      json5: 2.2.1
      semver: 6.3.0
    transitivePeerDependencies:
      - supports-color
    dev: true

  /@babel/generator/7.19.0:
    resolution: {integrity: sha1-eFWWwGQl5ZM03yzO5jqxZrc4QZo=, tarball: '@babel/generator/download/@babel/generator-7.19.0.tgz'}
    engines: {node: '>=6.9.0'}
    dependencies:
      '@babel/types': 7.19.0
      '@jridgewell/gen-mapping': 0.3.2
      jsesc: 2.5.2
    dev: true

  /@babel/helper-annotate-as-pure/7.18.6:
    resolution: {integrity: sha1-6qSfb4DVoz+aXdInbm1uRRvgprs=, tarball: '@babel/helper-annotate-as-pure/download/@babel/helper-annotate-as-pure-7.18.6.tgz'}
    engines: {node: '>=6.9.0'}
    dependencies:
      '@babel/types': 7.19.0
    dev: true

  /@babel/helper-compilation-targets/7.19.0_@babel+core@7.19.0:
    resolution: {integrity: sha1-U37IM51T6AbtQi8eBsjxfVW5a7A=, tarball: '@babel/helper-compilation-targets/download/@babel/helper-compilation-targets-7.19.0.tgz'}
    engines: {node: '>=6.9.0'}
    peerDependencies:
      '@babel/core': ^7.0.0
    dependencies:
      '@babel/compat-data': 7.19.0
      '@babel/core': 7.19.0
      '@babel/helper-validator-option': 7.18.6
      browserslist: 4.21.3
      semver: 6.3.0
    dev: true

  /@babel/helper-environment-visitor/7.18.9:
    resolution: {integrity: sha1-DAzumzXSyhkEeHVoZbs1KEIvUb4=, tarball: '@babel/helper-environment-visitor/download/@babel/helper-environment-visitor-7.18.9.tgz'}
    engines: {node: '>=6.9.0'}
    dev: true

  /@babel/helper-function-name/7.19.0:
    resolution: {integrity: sha1-lBV07VOQaC6HLlLT84zp0b70ZIw=, tarball: '@babel/helper-function-name/download/@babel/helper-function-name-7.19.0.tgz'}
    engines: {node: '>=6.9.0'}
    dependencies:
      '@babel/template': 7.18.10
      '@babel/types': 7.19.0
    dev: true

  /@babel/helper-hoist-variables/7.18.6:
    resolution: {integrity: sha1-1NLI+0uuqlxouZzIJFxWVU+SZng=, tarball: '@babel/helper-hoist-variables/download/@babel/helper-hoist-variables-7.18.6.tgz'}
    engines: {node: '>=6.9.0'}
    dependencies:
      '@babel/types': 7.19.0
    dev: true

  /@babel/helper-module-imports/7.18.6:
    resolution: {integrity: sha1-Hj69u9CKrRQ3tCjFAgTbE8Wjym4=, tarball: '@babel/helper-module-imports/download/@babel/helper-module-imports-7.18.6.tgz'}
    engines: {node: '>=6.9.0'}
    dependencies:
      '@babel/types': 7.19.0
    dev: true

  /@babel/helper-module-transforms/7.19.0:
    resolution: {integrity: sha1-MJsjDwTiLFjGosDAx+ULIW01DDA=, tarball: '@babel/helper-module-transforms/download/@babel/helper-module-transforms-7.19.0.tgz'}
    engines: {node: '>=6.9.0'}
    dependencies:
      '@babel/helper-environment-visitor': 7.18.9
      '@babel/helper-module-imports': 7.18.6
      '@babel/helper-simple-access': 7.18.6
      '@babel/helper-split-export-declaration': 7.18.6
      '@babel/helper-validator-identifier': 7.18.6
      '@babel/template': 7.18.10
      '@babel/traverse': 7.19.0
      '@babel/types': 7.19.0
    transitivePeerDependencies:
      - supports-color
    dev: true

  /@babel/helper-plugin-utils/7.19.0:
    resolution: {integrity: sha1-R5a7FJYVIfD4cVmQvuL7blHOIb8=, tarball: '@babel/helper-plugin-utils/download/@babel/helper-plugin-utils-7.19.0.tgz'}
    engines: {node: '>=6.9.0'}
    dev: true

  /@babel/helper-simple-access/7.18.6:
    resolution: {integrity: sha1-1tj1H0rCl4Bo35NLVp8I8peIx+o=, tarball: '@babel/helper-simple-access/download/@babel/helper-simple-access-7.18.6.tgz'}
    engines: {node: '>=6.9.0'}
    dependencies:
      '@babel/types': 7.19.0
    dev: true

  /@babel/helper-split-export-declaration/7.18.6:
    resolution: {integrity: sha1-c2eUm8dbIMbVpdSpe7ooJK6O8HU=, tarball: '@babel/helper-split-export-declaration/download/@babel/helper-split-export-declaration-7.18.6.tgz'}
    engines: {node: '>=6.9.0'}
    dependencies:
      '@babel/types': 7.19.0
    dev: true

  /@babel/helper-string-parser/7.18.10:
    resolution: {integrity: sha1-GB8i0o6+GzhX+ldfXCkLGq9lm1Y=, tarball: '@babel/helper-string-parser/download/@babel/helper-string-parser-7.18.10.tgz'}
    engines: {node: '>=6.9.0'}
    dev: true

  /@babel/helper-validator-identifier/7.18.6:
    resolution: {integrity: sha1-nJfjDTGyuMcqHQiYTyyptXTXoHY=, tarball: '@babel/helper-validator-identifier/download/@babel/helper-validator-identifier-7.18.6.tgz'}
    engines: {node: '>=6.9.0'}
    dev: true

  /@babel/helper-validator-option/7.18.6:
    resolution: {integrity: sha1-vw0rWlCbHzNgmeT/NuGmOqXbTbg=, tarball: '@babel/helper-validator-option/download/@babel/helper-validator-option-7.18.6.tgz'}
    engines: {node: '>=6.9.0'}
    dev: true

  /@babel/helpers/7.19.0:
    resolution: {integrity: sha1-8wU0ZX+vJGrpZVHYjdMenR+h/Bg=, tarball: '@babel/helpers/download/@babel/helpers-7.19.0.tgz'}
    engines: {node: '>=6.9.0'}
    dependencies:
      '@babel/template': 7.18.10
      '@babel/traverse': 7.19.0
      '@babel/types': 7.19.0
    transitivePeerDependencies:
      - supports-color
    dev: true

  /@babel/highlight/7.18.6:
    resolution: {integrity: sha1-gRWGAek+JWN5Wty/vfXWS+Py7N8=, tarball: '@babel/highlight/download/@babel/highlight-7.18.6.tgz'}
    engines: {node: '>=6.9.0'}
    dependencies:
      '@babel/helper-validator-identifier': 7.18.6
      chalk: 2.4.2
      js-tokens: 4.0.0
    dev: true

  /@babel/parser/7.19.0:
    resolution: {integrity: sha1-SX/K+x1bYTdpWcHDOHRe8Fd6oCw=, tarball: '@babel/parser/download/@babel/parser-7.19.0.tgz'}
    engines: {node: '>=6.0.0'}
    hasBin: true
    dependencies:
      '@babel/types': 7.19.0
    dev: true

  /@babel/plugin-syntax-jsx/7.18.6_@babel+core@7.19.0:
    resolution: {integrity: sha1-qP7vY7AQFQq9l/FknsKW6EmUPKA=, tarball: '@babel/plugin-syntax-jsx/download/@babel/plugin-syntax-jsx-7.18.6.tgz'}
    engines: {node: '>=6.9.0'}
    peerDependencies:
      '@babel/core': ^7.0.0-0
    dependencies:
      '@babel/core': 7.19.0
      '@babel/helper-plugin-utils': 7.19.0
    dev: true

  /@babel/plugin-transform-react-jsx-development/7.18.6_@babel+core@7.19.0:
    resolution: {integrity: sha1-2+XJcoEeScdAW2MOTQ0uE4DA3cU=, tarball: '@babel/plugin-transform-react-jsx-development/download/@babel/plugin-transform-react-jsx-development-7.18.6.tgz'}
    engines: {node: '>=6.9.0'}
    peerDependencies:
      '@babel/core': ^7.0.0-0
    dependencies:
      '@babel/core': 7.19.0
      '@babel/plugin-transform-react-jsx': 7.19.0_@babel+core@7.19.0
    dev: true

  /@babel/plugin-transform-react-jsx-self/7.18.6_@babel+core@7.19.0:
    resolution: {integrity: sha1-OElAG6t66P+h4+VofJSnU/x1vac=, tarball: '@babel/plugin-transform-react-jsx-self/download/@babel/plugin-transform-react-jsx-self-7.18.6.tgz'}
    engines: {node: '>=6.9.0'}
    peerDependencies:
      '@babel/core': ^7.0.0-0
    dependencies:
      '@babel/core': 7.19.0
      '@babel/helper-plugin-utils': 7.19.0
    dev: true

  /@babel/plugin-transform-react-jsx-source/7.18.6_@babel+core@7.19.0:
    resolution: {integrity: sha1-BumuihTSvBnObjxEfYQgMqUFmPw=, tarball: '@babel/plugin-transform-react-jsx-source/download/@babel/plugin-transform-react-jsx-source-7.18.6.tgz'}
    engines: {node: '>=6.9.0'}
    peerDependencies:
      '@babel/core': ^7.0.0-0
    dependencies:
      '@babel/core': 7.19.0
      '@babel/helper-plugin-utils': 7.19.0
    dev: true

  /@babel/plugin-transform-react-jsx/7.19.0_@babel+core@7.19.0:
    resolution: {integrity: sha1-s8u3w6ALkuyK4QJ5EOMxulxQDrk=, tarball: '@babel/plugin-transform-react-jsx/download/@babel/plugin-transform-react-jsx-7.19.0.tgz'}
    engines: {node: '>=6.9.0'}
    peerDependencies:
      '@babel/core': ^7.0.0-0
    dependencies:
      '@babel/core': 7.19.0
      '@babel/helper-annotate-as-pure': 7.18.6
      '@babel/helper-module-imports': 7.18.6
      '@babel/helper-plugin-utils': 7.19.0
      '@babel/plugin-syntax-jsx': 7.18.6_@babel+core@7.19.0
      '@babel/types': 7.19.0
    dev: true

  /@babel/template/7.18.10:
    resolution: {integrity: sha1-b5E0g1lw0dvwg1wNEAyfON4MXnE=, tarball: '@babel/template/download/@babel/template-7.18.10.tgz'}
    engines: {node: '>=6.9.0'}
    dependencies:
      '@babel/code-frame': 7.18.6
      '@babel/parser': 7.19.0
      '@babel/types': 7.19.0
    dev: true

  /@babel/traverse/7.19.0:
    resolution: {integrity: sha1-65xWHHNgAFxZLMZFq6/gw8RUju0=, tarball: '@babel/traverse/download/@babel/traverse-7.19.0.tgz'}
    engines: {node: '>=6.9.0'}
    dependencies:
      '@babel/code-frame': 7.18.6
      '@babel/generator': 7.19.0
      '@babel/helper-environment-visitor': 7.18.9
      '@babel/helper-function-name': 7.19.0
      '@babel/helper-hoist-variables': 7.18.6
      '@babel/helper-split-export-declaration': 7.18.6
      '@babel/parser': 7.19.0
      '@babel/types': 7.19.0
      debug: 4.3.4
      globals: 11.12.0
    transitivePeerDependencies:
      - supports-color
    dev: true

  /@babel/types/7.19.0:
    resolution: {integrity: sha1-dfIdc9c9wDUfM2jSjbc0ZfSBRgA=, tarball: '@babel/types/download/@babel/types-7.19.0.tgz'}
    engines: {node: '>=6.9.0'}
    dependencies:
      '@babel/helper-string-parser': 7.18.10
      '@babel/helper-validator-identifier': 7.18.6
      to-fast-properties: 2.0.0
    dev: true

  /@esbuild/linux-loong64/0.14.54:
    resolution: {integrity: sha1-3ipL5ni9TQ0f+7hubed5zeWZkCg=, tarball: '@esbuild/linux-loong64/download/@esbuild/linux-loong64-0.14.54.tgz'}
    engines: {node: '>=12'}
    cpu: [loong64]
    os: [linux]
    requiresBuild: true
    dev: true
    optional: true

  /@jridgewell/gen-mapping/0.1.1:
    resolution: {integrity: sha1-5dLkUDBqlJHjvXfjI+ONev8xWZY=, tarball: '@jridgewell/gen-mapping/download/@jridgewell/gen-mapping-0.1.1.tgz'}
    engines: {node: '>=6.0.0'}
    dependencies:
      '@jridgewell/set-array': 1.1.2
      '@jridgewell/sourcemap-codec': 1.4.14
    dev: true

  /@jridgewell/gen-mapping/0.3.2:
    resolution: {integrity: sha1-wa7cYehT8rufXf5tRELTtWWyU7k=, tarball: '@jridgewell/gen-mapping/download/@jridgewell/gen-mapping-0.3.2.tgz'}
    engines: {node: '>=6.0.0'}
    dependencies:
      '@jridgewell/set-array': 1.1.2
      '@jridgewell/sourcemap-codec': 1.4.14
      '@jridgewell/trace-mapping': 0.3.15
    dev: true

  /@jridgewell/resolve-uri/3.1.0:
    resolution: {integrity: sha1-IgOxGMFXchrd/mnUe3BGVGMGbXg=, tarball: '@jridgewell/resolve-uri/download/@jridgewell/resolve-uri-3.1.0.tgz'}
    engines: {node: '>=6.0.0'}
    dev: true

  /@jridgewell/set-array/1.1.2:
    resolution: {integrity: sha1-fGz5mNbSC5FMClWpGuko/yWWXnI=, tarball: '@jridgewell/set-array/download/@jridgewell/set-array-1.1.2.tgz'}
    engines: {node: '>=6.0.0'}
    dev: true

  /@jridgewell/sourcemap-codec/1.4.14:
    resolution: {integrity: sha1-rdTJjTQUcqKJGQtCTvvbCWmRuyQ=, tarball: '@jridgewell/sourcemap-codec/download/@jridgewell/sourcemap-codec-1.4.14.tgz'}
    dev: true

  /@jridgewell/trace-mapping/0.3.15:
    resolution: {integrity: sha1-q6NcSKONP9hLN+ZsnAQj+XRPl3Q=, tarball: '@jridgewell/trace-mapping/download/@jridgewell/trace-mapping-0.3.15.tgz'}
    dependencies:
      '@jridgewell/resolve-uri': 3.1.0
      '@jridgewell/sourcemap-codec': 1.4.14
    dev: true

  /@microsoft/api-extractor-model/7.23.3:
    resolution: {integrity: sha1-gpYeut3XQnESr7/EwdfHapky8vw=, tarball: '@microsoft/api-extractor-model/download/@microsoft/api-extractor-model-7.23.3.tgz'}
    dependencies:
      '@microsoft/tsdoc': 0.14.1
      '@microsoft/tsdoc-config': 0.16.1
      '@rushstack/node-core-library': 3.51.1
    dev: true

  /@microsoft/api-extractor/7.29.5:
    resolution: {integrity: sha1-ivr8iywn2DNFeUNJcfcYs0djTzU=, tarball: '@microsoft/api-extractor/download/@microsoft/api-extractor-7.29.5.tgz'}
    hasBin: true
    dependencies:
      '@microsoft/api-extractor-model': 7.23.3
      '@microsoft/tsdoc': 0.14.1
      '@microsoft/tsdoc-config': 0.16.1
      '@rushstack/node-core-library': 3.51.1
      '@rushstack/rig-package': 0.3.14
      '@rushstack/ts-command-line': 4.12.2
      colors: 1.2.5
      lodash: 4.17.21
      resolve: 1.17.0
      semver: 7.3.7
      source-map: 0.6.1
      typescript: 4.7.4
    dev: true

  /@microsoft/tsdoc-config/0.16.1:
    resolution: {integrity: sha1-TeEZdsEgKFTEYY82S/SZtL4z5lc=, tarball: '@microsoft/tsdoc-config/download/@microsoft/tsdoc-config-0.16.1.tgz'}
    dependencies:
      '@microsoft/tsdoc': 0.14.1
      ajv: 6.12.6
      jju: 1.4.0
      resolve: 1.19.0
    dev: true

  /@microsoft/tsdoc/0.14.1:
    resolution: {integrity: sha1-FV7yEGVCeQGZTnZdqKC6DqrouL0=, tarball: '@microsoft/tsdoc/download/@microsoft/tsdoc-0.14.1.tgz'}
    dev: true

  /@nodelib/fs.scandir/2.1.5:
    resolution: {integrity: sha1-dhnC6yGyVIP20WdUi0z9WnSIw9U=, tarball: '@nodelib/fs.scandir/download/@nodelib/fs.scandir-2.1.5.tgz'}
    engines: {node: '>= 8'}
    dependencies:
      '@nodelib/fs.stat': 2.0.5
      run-parallel: 1.2.0
    dev: true

  /@nodelib/fs.stat/2.0.5:
    resolution: {integrity: sha1-W9Jir5Tp0lvR5xsF3u1Eh2oiLos=, tarball: '@nodelib/fs.stat/download/@nodelib/fs.stat-2.0.5.tgz'}
    engines: {node: '>= 8'}
    dev: true

  /@nodelib/fs.walk/1.2.8:
    resolution: {integrity: sha1-6Vc36LtnRt3t9pxVaVNJTxlv5po=, tarball: '@nodelib/fs.walk/download/@nodelib/fs.walk-1.2.8.tgz'}
    engines: {node: '>= 8'}
    dependencies:
      '@nodelib/fs.scandir': 2.1.5
      fastq: 1.13.0
    dev: true

  /@rushstack/node-core-library/3.51.1:
    resolution: {integrity: sha1-4SMFPEkkcizJYUwAkf2l7Xu8bJ0=, tarball: '@rushstack/node-core-library/download/@rushstack/node-core-library-3.51.1.tgz'}
    dependencies:
      '@types/node': 12.20.24
      colors: 1.2.5
      fs-extra: 7.0.1
      import-lazy: 4.0.0
      jju: 1.4.0
      resolve: 1.17.0
      semver: 7.3.7
      z-schema: 5.0.3
    dev: true

  /@rushstack/rig-package/0.3.14:
    resolution: {integrity: sha1-8mEbWSRf18wpxpglZrL7tKQZK8U=, tarball: '@rushstack/rig-package/download/@rushstack/rig-package-0.3.14.tgz'}
    dependencies:
      resolve: 1.17.0
      strip-json-comments: 3.1.1
    dev: true

  /@rushstack/ts-command-line/4.12.2:
    resolution: {integrity: sha1-WbdFDF11GQd4zOixWcfXBDwyzE4=, tarball: '@rushstack/ts-command-line/download/@rushstack/ts-command-line-4.12.2.tgz'}
    dependencies:
      '@types/argparse': 1.0.38
      argparse: 1.0.10
      colors: 1.2.5
      string-argv: 0.3.1
    dev: true

  /@ts-morph/common/0.13.0:
    resolution: {integrity: sha1-d96hVluq8ALRvCwg4F0fszSQCKk=, tarball: '@ts-morph/common/download/@ts-morph/common-0.13.0.tgz'}
    dependencies:
      fast-glob: 3.2.11
      minimatch: 5.1.0
      mkdirp: 1.0.4
      path-browserify: 1.0.1
    dev: true

  /@types/argparse/1.0.38:
    resolution: {integrity: sha1-qB/YYG1IH4c6OADG665PHXaKVqk=, tarball: '@types/argparse/download/@types/argparse-1.0.38.tgz'}
    dev: true

  /@types/node/12.20.24:
    resolution: {integrity: sha1-w3rGnLKUivtM75X0JPoAN5camlw=, tarball: '@types/node/download/@types/node-12.20.24.tgz'}
    dev: true

  /@types/prop-types/15.7.5:
    resolution: {integrity: sha1-XxnSuFqY6VWANvajysyIGUIPBc8=, tarball: '@types/prop-types/download/@types/prop-types-15.7.5.tgz'}
    dev: true

  /@types/react-dom/18.0.6:
    resolution: {integrity: sha1-NmUpAAJIQrdGB6F3hrZmLdHhA6E=, tarball: '@types/react-dom/download/@types/react-dom-18.0.6.tgz'}
    dependencies:
      '@types/react': 18.0.18
    dev: true

  /@types/react/18.0.18:
    resolution: {integrity: sha1-nxbzPVe8XZ3KhI0Sw1chEP+UKaw=, tarball: '@types/react/download/@types/react-18.0.18.tgz'}
    dependencies:
      '@types/prop-types': 15.7.5
      '@types/scheduler': 0.16.2
      csstype: 3.1.0
    dev: true

  /@types/scheduler/0.16.2:
    resolution: {integrity: sha1-GmL4lSVyPd4kuhsBsJK/XfitTTk=, tarball: '@types/scheduler/download/@types/scheduler-0.16.2.tgz'}
    dev: true

  /@vitejs/plugin-react/2.1.0_vite@3.0.9:
    resolution: {integrity: sha1-TJnfFecdJjBgG9MBgJO9x4fUDlU=, tarball: '@vitejs/plugin-react/download/@vitejs/plugin-react-2.1.0.tgz'}
    engines: {node: ^14.18.0 || >=16.0.0}
    peerDependencies:
      vite: ^3.0.0
    dependencies:
      '@babel/core': 7.19.0
      '@babel/plugin-transform-react-jsx': 7.19.0_@babel+core@7.19.0
      '@babel/plugin-transform-react-jsx-development': 7.18.6_@babel+core@7.19.0
      '@babel/plugin-transform-react-jsx-self': 7.18.6_@babel+core@7.19.0
      '@babel/plugin-transform-react-jsx-source': 7.18.6_@babel+core@7.19.0
      magic-string: 0.26.3
      react-refresh: 0.14.0
      vite: 3.0.9
    transitivePeerDependencies:
      - supports-color
    dev: true

  /ajv/6.12.6:
    resolution: {integrity: sha1-uvWmLoArB9l3A0WG+MO69a3ybfQ=, tarball: ajv/download/ajv-6.12.6.tgz}
    dependencies:
      fast-deep-equal: 3.1.3
      fast-json-stable-stringify: 2.1.0
      json-schema-traverse: 0.4.1
      uri-js: 4.4.1
    dev: true

  /ansi-styles/3.2.1:
    resolution: {integrity: sha1-QfuyAkPlCxK+DwS43tvwdSDOhB0=, tarball: ansi-styles/download/ansi-styles-3.2.1.tgz}
    engines: {node: '>=4'}
    dependencies:
      color-convert: 1.9.3
    dev: true

  /ansi-styles/4.3.0:
    resolution: {integrity: sha1-7dgDYornHATIWuegkG7a00tkiTc=, tarball: ansi-styles/download/ansi-styles-4.3.0.tgz}
    engines: {node: '>=8'}
    dependencies:
      color-convert: 2.0.1
    dev: true

  /argparse/1.0.10:
    resolution: {integrity: sha1-vNZ5HqWuCXJeF+WtmIE0zUCz2RE=, tarball: argparse/download/argparse-1.0.10.tgz}
    dependencies:
      sprintf-js: 1.0.3
    dev: true

  /balanced-match/1.0.2:
    resolution: {integrity: sha1-6D46fj8wCzTLnYf2FfoMvzV2kO4=, tarball: balanced-match/download/balanced-match-1.0.2.tgz}
    dev: true

  /brace-expansion/2.0.1:
    resolution: {integrity: sha1-HtxFng8MVISG7Pn8mfIiE2S5oK4=, tarball: brace-expansion/download/brace-expansion-2.0.1.tgz}
    dependencies:
      balanced-match: 1.0.2
    dev: true

  /braces/3.0.2:
    resolution: {integrity: sha1-NFThpGLujVmeI23zNs2epPiv4Qc=, tarball: braces/download/braces-3.0.2.tgz}
    engines: {node: '>=8'}
    dependencies:
      fill-range: 7.0.1
    dev: true

  /browserslist/4.21.3:
    resolution: {integrity: sha1-XfJ3aU6zxIvFxLBa8+i34JxabRo=, tarball: browserslist/download/browserslist-4.21.3.tgz}
    engines: {node: ^6 || ^7 || ^8 || ^9 || ^10 || ^11 || ^12 || >=13.7}
    hasBin: true
    dependencies:
      caniuse-lite: 1.0.30001390
      electron-to-chromium: 1.4.241
      node-releases: 2.0.6
      update-browserslist-db: 1.0.5_browserslist@4.21.3
    dev: true

  /caniuse-lite/1.0.30001390:
    resolution: {integrity: sha1-FYpDAR5waO9/xzWQ6f2Rp87OXn8=, tarball: caniuse-lite/download/caniuse-lite-1.0.30001390.tgz}
    dev: true

  /chalk/2.4.2:
    resolution: {integrity: sha1-zUJUFnelQzPPVBpJEIwUMrRMlCQ=, tarball: chalk/download/chalk-2.4.2.tgz}
    engines: {node: '>=4'}
    dependencies:
      ansi-styles: 3.2.1
      escape-string-regexp: 1.0.5
      supports-color: 5.5.0
    dev: true

  /chalk/4.1.2:
    resolution: {integrity: sha1-qsTit3NKdAhnrrFr8CqtVWoeegE=, tarball: chalk/download/chalk-4.1.2.tgz}
    engines: {node: '>=10'}
    dependencies:
      ansi-styles: 4.3.0
      supports-color: 7.2.0
    dev: true

  /code-block-writer/11.0.3:
    resolution: {integrity: sha1-nuwpk+37eb+uhF+8CTdYwKC3O3Y=, tarball: code-block-writer/download/code-block-writer-11.0.3.tgz}
    dev: true

  /color-convert/1.9.3:
    resolution: {integrity: sha1-u3GFBpDh8TZWfeYp0tVHHe2kweg=, tarball: color-convert/download/color-convert-1.9.3.tgz}
    dependencies:
      color-name: 1.1.3
    dev: true

  /color-convert/2.0.1:
    resolution: {integrity: sha1-ctOmjVmMm9s68q0ehPIdiWq9TeM=, tarball: color-convert/download/color-convert-2.0.1.tgz}
    engines: {node: '>=7.0.0'}
    dependencies:
      color-name: 1.1.4
    dev: true

  /color-name/1.1.3:
    resolution: {integrity: sha1-p9BVi9icQveV3UIyj3QIMcpTvCU=, tarball: color-name/download/color-name-1.1.3.tgz}
    dev: true

  /color-name/1.1.4:
    resolution: {integrity: sha1-wqCah6y95pVD3m9j+jmVyCbFNqI=, tarball: color-name/download/color-name-1.1.4.tgz}
    dev: true

  /colors/1.2.5:
    resolution: {integrity: sha1-icetmjdLwDDfgBMkH2gTbtiDWvw=, tarball: colors/download/colors-1.2.5.tgz}
    engines: {node: '>=0.1.90'}
    dev: true

  /commander/2.20.3:
    resolution: {integrity: sha1-/UhehMA+tIgcIHIrpIA16FMa6zM=, tarball: commander/download/commander-2.20.3.tgz}
    requiresBuild: true
    dev: true
    optional: true

  /convert-source-map/1.8.0:
    resolution: {integrity: sha1-8zc8MtIbTXgN2ABFFGhPt5HKQ2k=, tarball: convert-source-map/download/convert-source-map-1.8.0.tgz}
    dependencies:
      safe-buffer: 5.1.2
    dev: true

  /csstype/3.1.0:
    resolution: {integrity: sha1-TdysNxjXh8+d8NG30VAzklyPKfI=, tarball: csstype/download/csstype-3.1.0.tgz}
    dev: true

  /debug/4.3.4:
    resolution: {integrity: sha1-Exn2V5NX8jONMzfSzdSRS7XcyGU=, tarball: debug/download/debug-4.3.4.tgz}
    engines: {node: '>=6.0'}
    peerDependencies:
      supports-color: '*'
    peerDependenciesMeta:
      supports-color:
        optional: true
    dependencies:
      ms: 2.1.2
    dev: true

  /electron-to-chromium/1.4.241:
    resolution: {integrity: sha1-WqA6uU21kNgmn0UYFXwkse+tNNY=, tarball: electron-to-chromium/download/electron-to-chromium-1.4.241.tgz}
    dev: true

  /esbuild-android-64/0.14.54:
    resolution: {integrity: sha1-UF9BgyiEMTu6/7J3BLi8qi2GFr4=, tarball: esbuild-android-64/download/esbuild-android-64-0.14.54.tgz}
    engines: {node: '>=12'}
    cpu: [x64]
    os: [android]
    requiresBuild: true
    dev: true
    optional: true

  /esbuild-android-arm64/0.14.54:
    resolution: {integrity: sha1-jOadfKuklkbgCZaP5XVKIamHF3E=, tarball: esbuild-android-arm64/download/esbuild-android-arm64-0.14.54.tgz}
    engines: {node: '>=12'}
    cpu: [arm64]
    os: [android]
    requiresBuild: true
    dev: true
    optional: true

  /esbuild-darwin-64/0.14.54:
    resolution: {integrity: sha1-JLpnuajLiQo8CNkBj4h8wiHN2iU=, tarball: esbuild-darwin-64/download/esbuild-darwin-64-0.14.54.tgz}
    engines: {node: '>=12'}
    cpu: [x64]
    os: [darwin]
    requiresBuild: true
    dev: true
    optional: true

  /esbuild-darwin-arm64/0.14.54:
    resolution: {integrity: sha1-P3zbeIiO4F5IjSUKK9qrH6Zxv3M=, tarball: esbuild-darwin-arm64/download/esbuild-darwin-arm64-0.14.54.tgz}
    engines: {node: '>=12'}
    cpu: [arm64]
    os: [darwin]
    requiresBuild: true
    dev: true
    optional: true

  /esbuild-freebsd-64/0.14.54:
    resolution: {integrity: sha1-CSUPmXpW7UZQ8+GXnJBf/EC76U0=, tarball: esbuild-freebsd-64/download/esbuild-freebsd-64-0.14.54.tgz}
    engines: {node: '>=12'}
    cpu: [x64]
    os: [freebsd]
    requiresBuild: true
    dev: true
    optional: true

  /esbuild-freebsd-arm64/0.14.54:
    resolution: {integrity: sha1-uvtG7QT8X5fL2wFthpR6eVefjkg=, tarball: esbuild-freebsd-arm64/download/esbuild-freebsd-arm64-0.14.54.tgz}
    engines: {node: '>=12'}
    cpu: [arm64]
    os: [freebsd]
    requiresBuild: true
    dev: true
    optional: true

  /esbuild-linux-32/0.14.54:
    resolution: {integrity: sha1-4qjEqO/cNVQFMlAz/OvrlB94H+U=, tarball: esbuild-linux-32/download/esbuild-linux-32-0.14.54.tgz}
    engines: {node: '>=12'}
    cpu: [ia32]
    os: [linux]
    requiresBuild: true
    dev: true
    optional: true

  /esbuild-linux-64/0.14.54:
    resolution: {integrity: sha1-3l/boclWZs9yNp9StAsDvnEiZlI=, tarball: esbuild-linux-64/download/esbuild-linux-64-0.14.54.tgz}
    engines: {node: '>=12'}
    cpu: [x64]
    os: [linux]
    requiresBuild: true
    dev: true
    optional: true

  /esbuild-linux-arm/0.14.54:
    resolution: {integrity: sha1-osHf9tDyHb6PxpmKEiZ1Uz3fzVk=, tarball: esbuild-linux-arm/download/esbuild-linux-arm-0.14.54.tgz}
    engines: {node: '>=12'}
    cpu: [arm]
    os: [linux]
    requiresBuild: true
    dev: true
    optional: true

  /esbuild-linux-arm64/0.14.54:
    resolution: {integrity: sha1-2uTNQq6Xh0aLalwVjaTIToOwzos=, tarball: esbuild-linux-arm64/download/esbuild-linux-arm64-0.14.54.tgz}
    engines: {node: '>=12'}
    cpu: [arm64]
    os: [linux]
    requiresBuild: true
    dev: true
    optional: true

  /esbuild-linux-mips64le/0.14.54:
    resolution: {integrity: sha1-2ZGOnky5cvjW2ujoZVv57hMe2jQ=, tarball: esbuild-linux-mips64le/download/esbuild-linux-mips64le-0.14.54.tgz}
    engines: {node: '>=12'}
    cpu: [mips64el]
    os: [linux]
    requiresBuild: true
    dev: true
    optional: true

  /esbuild-linux-ppc64le/0.14.54:
    resolution: {integrity: sha1-P5oPbUEHP7GmQGgIRcfeUplfE34=, tarball: esbuild-linux-ppc64le/download/esbuild-linux-ppc64le-0.14.54.tgz}
    engines: {node: '>=12'}
    cpu: [ppc64]
    os: [linux]
    requiresBuild: true
    dev: true
    optional: true

  /esbuild-linux-riscv64/0.14.54:
    resolution: {integrity: sha1-YYhTwCgXimGDe8eZ0gE9RpXkUcg=, tarball: esbuild-linux-riscv64/download/esbuild-linux-riscv64-0.14.54.tgz}
    engines: {node: '>=12'}
    cpu: [riscv64]
    os: [linux]
    requiresBuild: true
    dev: true
    optional: true

  /esbuild-linux-s390x/0.14.54:
    resolution: {integrity: sha1-0YhcTFp2u7Wg/hguLIxg654p8qY=, tarball: esbuild-linux-s390x/download/esbuild-linux-s390x-0.14.54.tgz}
    engines: {node: '>=12'}
    cpu: [s390x]
    os: [linux]
    requiresBuild: true
    dev: true
    optional: true

  /esbuild-netbsd-64/0.14.54:
    resolution: {integrity: sha1-aa6Rei/yQbffHb8iuvBL0zA0noE=, tarball: esbuild-netbsd-64/download/esbuild-netbsd-64-0.14.54.tgz}
    engines: {node: '>=12'}
    cpu: [x64]
    os: [netbsd]
    requiresBuild: true
    dev: true
    optional: true

  /esbuild-openbsd-64/0.14.54:
    resolution: {integrity: sha1-20yElSh6NQpnkN4i7eokelfF1Hs=, tarball: esbuild-openbsd-64/download/esbuild-openbsd-64-0.14.54.tgz}
    engines: {node: '>=12'}
    cpu: [x64]
    os: [openbsd]
    requiresBuild: true
    dev: true
    optional: true

  /esbuild-sunos-64/0.14.54:
    resolution: {integrity: sha1-VCh+49pz04RLchwhvIDB3H4b99o=, tarball: esbuild-sunos-64/download/esbuild-sunos-64-0.14.54.tgz}
    engines: {node: '>=12'}
    cpu: [x64]
    os: [sunos]
    requiresBuild: true
    dev: true
    optional: true

  /esbuild-windows-32/0.14.54:
    resolution: {integrity: sha1-+Kr5pWZ2MLQPD7OqN78Bu9NAzjE=, tarball: esbuild-windows-32/download/esbuild-windows-32-0.14.54.tgz}
    engines: {node: '>=12'}
    cpu: [ia32]
    os: [win32]
    requiresBuild: true
    dev: true
    optional: true

  /esbuild-windows-64/0.14.54:
    resolution: {integrity: sha1-v1S1G9PpsPGIb/2yJKQXYDHqCvQ=, tarball: esbuild-windows-64/download/esbuild-windows-64-0.14.54.tgz}
    engines: {node: '>=12'}
    cpu: [x64]
    os: [win32]
    requiresBuild: true
    dev: true
    optional: true

  /esbuild-windows-arm64/0.14.54:
    resolution: {integrity: sha1-k30VZ1oV5LDk+v26o6Aad2or6YI=, tarball: esbuild-windows-arm64/download/esbuild-windows-arm64-0.14.54.tgz}
    engines: {node: '>=12'}
    cpu: [arm64]
    os: [win32]
    requiresBuild: true
    dev: true
    optional: true

  /esbuild/0.14.54:
    resolution: {integrity: sha1-i0Tc8rDxpm/CJFmUPcz0d1NemqI=, tarball: esbuild/download/esbuild-0.14.54.tgz}
    engines: {node: '>=12'}
    hasBin: true
    requiresBuild: true
    optionalDependencies:
      '@esbuild/linux-loong64': 0.14.54
      esbuild-android-64: 0.14.54
      esbuild-android-arm64: 0.14.54
      esbuild-darwin-64: 0.14.54
      esbuild-darwin-arm64: 0.14.54
      esbuild-freebsd-64: 0.14.54
      esbuild-freebsd-arm64: 0.14.54
      esbuild-linux-32: 0.14.54
      esbuild-linux-64: 0.14.54
      esbuild-linux-arm: 0.14.54
      esbuild-linux-arm64: 0.14.54
      esbuild-linux-mips64le: 0.14.54
      esbuild-linux-ppc64le: 0.14.54
      esbuild-linux-riscv64: 0.14.54
      esbuild-linux-s390x: 0.14.54
      esbuild-netbsd-64: 0.14.54
      esbuild-openbsd-64: 0.14.54
      esbuild-sunos-64: 0.14.54
      esbuild-windows-32: 0.14.54
      esbuild-windows-64: 0.14.54
      esbuild-windows-arm64: 0.14.54
    dev: true

  /escalade/3.1.1:
    resolution: {integrity: sha1-2M/ccACWXFoBdLSoLqpcBVJ0LkA=, tarball: escalade/download/escalade-3.1.1.tgz}
    engines: {node: '>=6'}
    dev: true

  /escape-string-regexp/1.0.5:
    resolution: {integrity: sha1-G2HAViGQqN/2rjuyzwIAyhMLhtQ=, tarball: escape-string-regexp/download/escape-string-regexp-1.0.5.tgz}
    engines: {node: '>=0.8.0'}
    dev: true

  /fast-deep-equal/3.1.3:
    resolution: {integrity: sha1-On1WtVnWy8PrUSMlJE5hmmXGxSU=, tarball: fast-deep-equal/download/fast-deep-equal-3.1.3.tgz}
    dev: true

  /fast-glob/3.2.11:
    resolution: {integrity: sha1-oRcq2VzrihbiDKpcXlZIDlEpwdk=, tarball: fast-glob/download/fast-glob-3.2.11.tgz}
    engines: {node: '>=8.6.0'}
    dependencies:
      '@nodelib/fs.stat': 2.0.5
      '@nodelib/fs.walk': 1.2.8
      glob-parent: 5.1.2
      merge2: 1.4.1
      micromatch: 4.0.5
    dev: true

  /fast-json-stable-stringify/2.1.0:
    resolution: {integrity: sha1-h0v2nG9ATCtdmcSBNBOZ/VWJJjM=, tarball: fast-json-stable-stringify/download/fast-json-stable-stringify-2.1.0.tgz}
    dev: true

  /fastq/1.13.0:
    resolution: {integrity: sha1-YWdg+Ip1Jr38WWt8q4wYk4w2uYw=, tarball: fastq/download/fastq-1.13.0.tgz}
    dependencies:
      reusify: 1.0.4
    dev: true

  /fill-range/7.0.1:
    resolution: {integrity: sha1-GRmmp8df44ssfHflGYU12prN2kA=, tarball: fill-range/download/fill-range-7.0.1.tgz}
    engines: {node: '>=8'}
    dependencies:
      to-regex-range: 5.0.1
    dev: true

  /fs-extra/10.1.0:
    resolution: {integrity: sha1-Aoc8+8QITd4SfqpfmQXu8jJdGr8=, tarball: fs-extra/download/fs-extra-10.1.0.tgz}
    engines: {node: '>=12'}
    dependencies:
      graceful-fs: 4.2.10
      jsonfile: 6.1.0
      universalify: 2.0.0
    dev: true

  /fs-extra/7.0.1:
    resolution: {integrity: sha1-TxicRKoSO4lfcigE9V6iPq3DSOk=, tarball: fs-extra/download/fs-extra-7.0.1.tgz}
    engines: {node: '>=6 <7 || >=8'}
    dependencies:
      graceful-fs: 4.2.10
      jsonfile: 4.0.0
      universalify: 0.1.2
    dev: true

  /fsevents/2.3.2:
    resolution: {integrity: sha1-ilJveLj99GI7cJ4Ll1xSwkwC/Ro=, tarball: fsevents/download/fsevents-2.3.2.tgz}
    engines: {node: ^8.16.0 || ^10.6.0 || >=11.0.0}
    os: [darwin]
    requiresBuild: true
    dev: true
    optional: true

  /function-bind/1.1.1:
    resolution: {integrity: sha1-pWiZ0+o8m6uHS7l3O3xe3pL0iV0=, tarball: function-bind/download/function-bind-1.1.1.tgz}
    dev: true

  /gensync/1.0.0-beta.2:
    resolution: {integrity: sha1-MqbudsPX9S1GsrGuXZP+qFgKJeA=, tarball: gensync/download/gensync-1.0.0-beta.2.tgz}
    engines: {node: '>=6.9.0'}
    dev: true

  /glob-parent/5.1.2:
    resolution: {integrity: sha1-hpgyxYA0/mikCTwX3BXoNA2EAcQ=, tarball: glob-parent/download/glob-parent-5.1.2.tgz}
    engines: {node: '>= 6'}
    dependencies:
      is-glob: 4.0.3
    dev: true

  /globals/11.12.0:
    resolution: {integrity: sha1-q4eVM4hooLq9hSV1gBjCp+uVxC4=, tarball: globals/download/globals-11.12.0.tgz}
    engines: {node: '>=4'}
    dev: true

  /graceful-fs/4.2.10:
    resolution: {integrity: sha1-FH06AG2kyjzhRyjHrvwofDZ9emw=, tarball: graceful-fs/download/graceful-fs-4.2.10.tgz}
    dev: true

  /has-flag/3.0.0:
    resolution: {integrity: sha1-tdRU3CGZriJWmfNGfloH87lVuv0=, tarball: has-flag/download/has-flag-3.0.0.tgz}
    engines: {node: '>=4'}
    dev: true

  /has-flag/4.0.0:
    resolution: {integrity: sha1-lEdx/ZyByBJlxNaUGGDaBrtZR5s=, tarball: has-flag/download/has-flag-4.0.0.tgz}
    engines: {node: '>=8'}
    dev: true

  /has/1.0.3:
    resolution: {integrity: sha1-ci18v8H2qoJB8W3YFOAR4fQeh5Y=, tarball: has/download/has-1.0.3.tgz}
    engines: {node: '>= 0.4.0'}
    dependencies:
      function-bind: 1.1.1
    dev: true

  /import-lazy/4.0.0:
    resolution: {integrity: sha1-6OtidIOgpD2jwD8+NVSL5csMwVM=, tarball: import-lazy/download/import-lazy-4.0.0.tgz}
    engines: {node: '>=8'}
    dev: true

  /is-core-module/2.10.0:
    resolution: {integrity: sha1-kBLt4KkcaVh+ZHUU4dUncBnnKO0=, tarball: is-core-module/download/is-core-module-2.10.0.tgz}
    dependencies:
      has: 1.0.3
    dev: true

  /is-extglob/2.1.1:
    resolution: {integrity: sha1-qIwCU1eR8C7TfHahueqXc8gz+MI=, tarball: is-extglob/download/is-extglob-2.1.1.tgz}
    engines: {node: '>=0.10.0'}
    dev: true

  /is-glob/4.0.3:
    resolution: {integrity: sha1-ZPYeQsu7LuwgcanawLKLoeZdUIQ=, tarball: is-glob/download/is-glob-4.0.3.tgz}
    engines: {node: '>=0.10.0'}
    dependencies:
      is-extglob: 2.1.1
    dev: true

  /is-number/7.0.0:
    resolution: {integrity: sha1-dTU0W4lnNNX4DE0GxQlVUnoU8Ss=, tarball: is-number/download/is-number-7.0.0.tgz}
    engines: {node: '>=0.12.0'}
    dev: true

  /jju/1.4.0:
    resolution: {integrity: sha1-o6vicYryQaKykE+EpiWXDzia4yo=, tarball: jju/download/jju-1.4.0.tgz}
    dev: true

  /js-tokens/4.0.0:
    resolution: {integrity: sha1-GSA/tZmR35jjoocFDUZHzerzJJk=, tarball: js-tokens/download/js-tokens-4.0.0.tgz}
    dev: true

  /jsesc/2.5.2:
    resolution: {integrity: sha1-gFZNLkg9rPbo7yCWUKZ98/DCg6Q=, tarball: jsesc/download/jsesc-2.5.2.tgz}
    engines: {node: '>=4'}
    hasBin: true
    dev: true

  /json-schema-traverse/0.4.1:
    resolution: {integrity: sha1-afaofZUTq4u4/mO9sJecRI5oRmA=, tarball: json-schema-traverse/download/json-schema-traverse-0.4.1.tgz}
    dev: true

  /json5/2.2.1:
    resolution: {integrity: sha1-ZV1Q7R5vla0aPKq6vSsO/aELOVw=, tarball: json5/download/json5-2.2.1.tgz}
    engines: {node: '>=6'}
    hasBin: true
    dev: true

  /jsonfile/4.0.0:
    resolution: {integrity: sha1-h3Gq4HmbZAdrdmQPygWPnBDjPss=, tarball: jsonfile/download/jsonfile-4.0.0.tgz}
    optionalDependencies:
      graceful-fs: 4.2.10
    dev: true

  /jsonfile/6.1.0:
    resolution: {integrity: sha1-vFWyY0eTxnnsZAMJTrE2mKbsCq4=, tarball: jsonfile/download/jsonfile-6.1.0.tgz}
    dependencies:
      universalify: 2.0.0
    optionalDependencies:
      graceful-fs: 4.2.10
    dev: true

  /lodash.get/4.4.2:
    resolution: {integrity: sha1-LRd/ZS+jHpObRDjVNBSZ36OCXpk=, tarball: lodash.get/download/lodash.get-4.4.2.tgz}
    dev: true

  /lodash.isequal/4.5.0:
    resolution: {integrity: sha1-QVxEePK8wwEgwizhDtMib30+GOA=, tarball: lodash.isequal/download/lodash.isequal-4.5.0.tgz}
    dev: true

  /lodash/4.17.21:
    resolution: {integrity: sha1-Z5WRxWTDv/quhFTPCz3zcMPWkRw=, tarball: lodash/download/lodash-4.17.21.tgz}
    dev: true

  /loose-envify/1.4.0:
    resolution: {integrity: sha1-ce5R+nvkyuwaY4OffmgtgTLTDK8=, tarball: loose-envify/download/loose-envify-1.4.0.tgz}
    hasBin: true
    dependencies:
      js-tokens: 4.0.0
    dev: true

  /lru-cache/6.0.0:
    resolution: {integrity: sha1-bW/mVw69lqr5D8rR2vo7JWbbOpQ=, tarball: lru-cache/download/lru-cache-6.0.0.tgz}
    engines: {node: '>=10'}
    dependencies:
      yallist: 4.0.0
    dev: true

  /magic-string/0.26.3:
    resolution: {integrity: sha1-JYQLh1FA97R4WrBr3cOEJwt91FI=, tarball: magic-string/download/magic-string-0.26.3.tgz}
    engines: {node: '>=12'}
    dependencies:
      sourcemap-codec: 1.4.8
    dev: true

  /merge2/1.4.1:
    resolution: {integrity: sha1-Q2iJL4hekHRVpv19xVwMnUBJkK4=, tarball: merge2/download/merge2-1.4.1.tgz}
    engines: {node: '>= 8'}
    dev: true

  /micromatch/4.0.5:
    resolution: {integrity: sha1-vImZp8u/d83InxMvbkZwUbSQkMY=, tarball: micromatch/download/micromatch-4.0.5.tgz}
    engines: {node: '>=8.6'}
    dependencies:
      braces: 3.0.2
      picomatch: 2.3.1
    dev: true

  /minimatch/5.1.0:
    resolution: {integrity: sha1-Fxe0ZPSXGxRPaqvo8tC45FEeCcc=, tarball: minimatch/download/minimatch-5.1.0.tgz}
    engines: {node: '>=10'}
    dependencies:
      brace-expansion: 2.0.1
    dev: true

  /mkdirp/1.0.4:
    resolution: {integrity: sha1-PrXtYmInVteaXw4qIh3+utdcL34=, tarball: mkdirp/download/mkdirp-1.0.4.tgz}
    engines: {node: '>=10'}
    hasBin: true
    dev: true

  /ms/2.1.2:
    resolution: {integrity: sha1-0J0fNXtEP0kzgqjrPM0YOHKuYAk=, tarball: ms/download/ms-2.1.2.tgz}
    dev: true

  /nanoid/3.3.4:
    resolution: {integrity: sha1-cwtn480J4t6s8DwCfIHJ2dvF6Ks=, tarball: nanoid/download/nanoid-3.3.4.tgz}
    engines: {node: ^10 || ^12 || ^13.7 || ^14 || >=15.0.1}
    hasBin: true
    dev: true

  /node-releases/2.0.6:
    resolution: {integrity: sha1-inCIxjpV5JOEVoPr88go2MUcVQM=, tarball: node-releases/download/node-releases-2.0.6.tgz}
    dev: true

  /path-browserify/1.0.1:
    resolution: {integrity: sha1-2YRUqcN1PVeQhg8W9ohnueRr4f0=, tarball: path-browserify/download/path-browserify-1.0.1.tgz}
    dev: true

  /path-parse/1.0.7:
    resolution: {integrity: sha1-+8EUtgykKzDZ2vWFjkvWi77bZzU=, tarball: path-parse/download/path-parse-1.0.7.tgz}
    dev: true

  /picocolors/1.0.0:
    resolution: {integrity: sha1-y1vcdP8/UYkiNur3nWi8RFZKuBw=, tarball: picocolors/download/picocolors-1.0.0.tgz}
    dev: true

  /picomatch/2.3.1:
    resolution: {integrity: sha1-O6ODNzNkbZ0+SZWUbBNlpn+wekI=, tarball: picomatch/download/picomatch-2.3.1.tgz}
    engines: {node: '>=8.6'}
    dev: true

  /postcss/8.4.16:
    resolution: {integrity: sha1-M6HWdfrDmUH19EXbDeTbK24B1Dw=, tarball: postcss/download/postcss-8.4.16.tgz}
    engines: {node: ^10 || ^12 || >=14}
    dependencies:
      nanoid: 3.3.4
      picocolors: 1.0.0
      source-map-js: 1.0.2
    dev: true

  /punycode/2.1.1:
    resolution: {integrity: sha1-tYsBCsQMIsVldhbI0sLALHv0eew=, tarball: punycode/download/punycode-2.1.1.tgz}
    engines: {node: '>=6'}
    dev: true

  /queue-microtask/1.2.3:
    resolution: {integrity: sha1-SSkii7xyTfrEPg77BYyve2z7YkM=, tarball: queue-microtask/download/queue-microtask-1.2.3.tgz}
    dev: true

  /react-dom/18.2.0_react@18.2.0:
    resolution: {integrity: sha1-IqrzhwjbJnTtmtoiTKSqcI2CHj0=, tarball: react-dom/download/react-dom-18.2.0.tgz}
    peerDependencies:
      react: ^18.2.0
    dependencies:
      loose-envify: 1.4.0
      react: 18.2.0
      scheduler: 0.23.0
    dev: true

  /react-refresh/0.14.0:
    resolution: {integrity: sha1-TgKCU3il8icHlVTUKEiJNU5fVT4=, tarball: react-refresh/download/react-refresh-0.14.0.tgz}
    engines: {node: '>=0.10.0'}
    dev: true

  /react/18.2.0:
    resolution: {integrity: sha1-VVvZhZKIMlX6AN4U8RUakXtdd9U=, tarball: react/download/react-18.2.0.tgz}
    engines: {node: '>=0.10.0'}
    dependencies:
      loose-envify: 1.4.0
    dev: true

  /resolve/1.17.0:
    resolution: {integrity: sha1-sllBtUloIxzC0bt2p5y38sC/hEQ=, tarball: resolve/download/resolve-1.17.0.tgz}
    dependencies:
      path-parse: 1.0.7
    dev: true

  /resolve/1.19.0:
    resolution: {integrity: sha1-GvW/YwQJc0oGfK4pMYqsf6KaJnw=, tarball: resolve/download/resolve-1.19.0.tgz}
    dependencies:
      is-core-module: 2.10.0
      path-parse: 1.0.7
    dev: true

  /resolve/1.22.1:
    resolution: {integrity: sha1-J8suu1P5GrtJRwqSi7p1WAZqwXc=, tarball: resolve/download/resolve-1.22.1.tgz}
    hasBin: true
    dependencies:
      is-core-module: 2.10.0
      path-parse: 1.0.7
      supports-preserve-symlinks-flag: 1.0.0
    dev: true

  /reusify/1.0.4:
    resolution: {integrity: sha1-kNo4Kx4SbvwCFG6QhFqI2xKSXXY=, tarball: reusify/download/reusify-1.0.4.tgz}
    engines: {iojs: '>=1.0.0', node: '>=0.10.0'}
    dev: true

  /rollup/2.77.3:
    resolution: {integrity: sha1-jwBBjTonQANuFd62U77RqQ7gzBI=, tarball: rollup/download/rollup-2.77.3.tgz}
    engines: {node: '>=10.0.0'}
    hasBin: true
    optionalDependencies:
      fsevents: 2.3.2
    dev: true

  /run-parallel/1.2.0:
    resolution: {integrity: sha1-ZtE2jae9+SHrnZW9GpIp5/IaQ+4=, tarball: run-parallel/download/run-parallel-1.2.0.tgz}
    dependencies:
      queue-microtask: 1.2.3
    dev: true

  /safe-buffer/5.1.2:
    resolution: {integrity: sha1-mR7GnSluAxN0fVm9/St0XDX4go0=, tarball: safe-buffer/download/safe-buffer-5.1.2.tgz}
    dev: true

  /scheduler/0.23.0:
    resolution: {integrity: sha1-uoBBr8PTDrIGpIe2s4QALk5h/f4=, tarball: scheduler/download/scheduler-0.23.0.tgz}
    dependencies:
      loose-envify: 1.4.0
    dev: true

  /semver/6.3.0:
    resolution: {integrity: sha1-7gpkyK9ejO6mdoexM3YeG+y9HT0=, tarball: semver/download/semver-6.3.0.tgz}
    hasBin: true
    dev: true

  /semver/7.3.7:
    resolution: {integrity: sha1-EsW2Sa/b+QSXB3luIqQCiBTOUj8=, tarball: semver/download/semver-7.3.7.tgz}
    engines: {node: '>=10'}
    hasBin: true
    dependencies:
      lru-cache: 6.0.0
    dev: true

  /source-map-js/1.0.2:
    resolution: {integrity: sha1-rbw2HZxi3zgBJefxYfccgm8eSQw=, tarball: source-map-js/download/source-map-js-1.0.2.tgz}
    engines: {node: '>=0.10.0'}
    dev: true

  /source-map/0.6.1:
    resolution: {integrity: sha1-dHIq8y6WFOnCh6jQu95IteLxomM=, tarball: source-map/download/source-map-0.6.1.tgz}
    engines: {node: '>=0.10.0'}
    dev: true

  /sourcemap-codec/1.4.8:
    resolution: {integrity: sha1-6oBL2UhXQC5pktBaOO8a41qatMQ=, tarball: sourcemap-codec/download/sourcemap-codec-1.4.8.tgz}
    dev: true

  /sprintf-js/1.0.3:
    resolution: {integrity: sha1-BOaSb2YolTVPPdAVIDYzuFcpfiw=, tarball: sprintf-js/download/sprintf-js-1.0.3.tgz}
    dev: true

  /string-argv/0.3.1:
    resolution: {integrity: sha1-leL77AQnrhkYSTX4FtdKqkxcGdo=, tarball: string-argv/download/string-argv-0.3.1.tgz}
    engines: {node: '>=0.6.19'}
    dev: true

  /strip-json-comments/3.1.1:
    resolution: {integrity: sha1-MfEoGzgyYwQ0gxwxDAHMzajL4AY=, tarball: strip-json-comments/download/strip-json-comments-3.1.1.tgz}
    engines: {node: '>=8'}
    dev: true

  /supports-color/5.5.0:
    resolution: {integrity: sha1-4uaaRKyHcveKHsCzW2id9lMO/I8=, tarball: supports-color/download/supports-color-5.5.0.tgz}
    engines: {node: '>=4'}
    dependencies:
      has-flag: 3.0.0
    dev: true

  /supports-color/7.2.0:
    resolution: {integrity: sha1-G33NyzK4E4gBs+R4umpRyqiWSNo=, tarball: supports-color/download/supports-color-7.2.0.tgz}
    engines: {node: '>=8'}
    dependencies:
      has-flag: 4.0.0
    dev: true

  /supports-preserve-symlinks-flag/1.0.0:
    resolution: {integrity: sha1-btpL00SjyUrqN21MwxvHcxEDngk=, tarball: supports-preserve-symlinks-flag/download/supports-preserve-symlinks-flag-1.0.0.tgz}
    engines: {node: '>= 0.4'}
    dev: true

  /to-fast-properties/2.0.0:
    resolution: {integrity: sha1-3F5pjL0HkmW8c+A3doGk5Og/YW4=, tarball: to-fast-properties/download/to-fast-properties-2.0.0.tgz}
    engines: {node: '>=4'}
    dev: true

  /to-regex-range/5.0.1:
    resolution: {integrity: sha1-FkjESq58jZiKMmAY7XL1tN0DkuQ=, tarball: to-regex-range/download/to-regex-range-5.0.1.tgz}
    engines: {node: '>=8.0'}
    dependencies:
      is-number: 7.0.0
    dev: true

  /ts-morph/14.0.0:
    resolution: {integrity: sha1-a/+35FhM9qmuvOIGa/Qljh0D+fo=, tarball: ts-morph/download/ts-morph-14.0.0.tgz}
    dependencies:
      '@ts-morph/common': 0.13.0
      code-block-writer: 11.0.3
    dev: true

  /typescript/4.7.4:
    resolution: {integrity: sha1-GohZbRz0fVlQehvN+1ud/k1IgjU=, tarball: typescript/download/typescript-4.7.4.tgz}
    engines: {node: '>=4.2.0'}
    hasBin: true
    dev: true

  /typescript/4.8.2:
    resolution: {integrity: sha1-47M9XM+1kU5O6rZpnPIIre4/15A=, tarball: typescript/download/typescript-4.8.2.tgz}
    engines: {node: '>=4.2.0'}
    hasBin: true
    dev: true

  /universalify/0.1.2:
    resolution: {integrity: sha1-tkb2m+OULavOzJ1mOcgNwQXvqmY=, tarball: universalify/download/universalify-0.1.2.tgz}
    engines: {node: '>= 4.0.0'}
    dev: true

  /universalify/2.0.0:
    resolution: {integrity: sha1-daSYTv7cSwiXXFrrc/Uw0C3yVxc=, tarball: universalify/download/universalify-2.0.0.tgz}
    engines: {node: '>= 10.0.0'}
    dev: true

  /update-browserslist-db/1.0.5_browserslist@4.21.3:
    resolution: {integrity: sha1-vgal7t1i8Qe3wZ61vO+xlEEavzg=, tarball: update-browserslist-db/download/update-browserslist-db-1.0.5.tgz}
    hasBin: true
    peerDependencies:
      browserslist: '>= 4.21.0'
    dependencies:
      browserslist: 4.21.3
      escalade: 3.1.1
      picocolors: 1.0.0
    dev: true

  /uri-js/4.4.1:
    resolution: {integrity: sha1-mxpSWVIlhZ5V9mnZKPiMbFfyp34=, tarball: uri-js/download/uri-js-4.4.1.tgz}
    dependencies:
      punycode: 2.1.1
    dev: true

  /validator/13.7.0:
    resolution: {integrity: sha1-T5ZYuhO6jz2C7ogdNRZInqhcCFc=, tarball: validator/download/validator-13.7.0.tgz}
    engines: {node: '>= 0.10'}
    dev: true

  /vite-plugin-dts/1.4.0_vite@3.0.9:
    resolution: {integrity: sha1-tUmTwAy2uh/NOxuHS3a/R/6xN/s=, tarball: vite-plugin-dts/download/vite-plugin-dts-1.4.0.tgz}
    engines: {node: '>=12.0.0'}
    peerDependencies:
      vite: '>=2.4.4'
    dependencies:
      '@microsoft/api-extractor': 7.29.5
      '@rushstack/node-core-library': 3.51.1
      chalk: 4.1.2
      debug: 4.3.4
      fast-glob: 3.2.11
      fs-extra: 10.1.0
      ts-morph: 14.0.0
      vite: 3.0.9
    transitivePeerDependencies:
      - supports-color
    dev: true

  /vite/3.0.9:
    resolution: {integrity: sha1-RfrCLCpSkKlw8j1mwa71agS+ijA=, tarball: vite/download/vite-3.0.9.tgz}
    engines: {node: ^14.18.0 || >=16.0.0}
    hasBin: true
    peerDependencies:
      less: '*'
      sass: '*'
      stylus: '*'
      terser: ^5.4.0
    peerDependenciesMeta:
      less:
        optional: true
      sass:
        optional: true
      stylus:
        optional: true
      terser:
        optional: true
    dependencies:
      esbuild: 0.14.54
      postcss: 8.4.16
      resolve: 1.22.1
      rollup: 2.77.3
    optionalDependencies:
      fsevents: 2.3.2
    dev: true

  /yallist/4.0.0:
    resolution: {integrity: sha1-m7knkNnA7/7GO+c1GeEaNQGaOnI=, tarball: yallist/download/yallist-4.0.0.tgz}
    dev: true

  /z-schema/5.0.3:
    resolution: {integrity: sha1-aPr7m3Nfx/PInquz5aY1O017STU=, tarball: z-schema/download/z-schema-5.0.3.tgz}
    engines: {node: '>=8.0.0'}
    hasBin: true
    dependencies:
      lodash.get: 4.4.2
      lodash.isequal: 4.5.0
      validator: 13.7.0
    optionalDependencies:
      commander: 2.20.3
    dev: true
